// !$*UTF8*$!
{
	archiveVersion = 1;
	classes = {
	};
	objectVersion = 56;
	objects = {

/* Begin PBXBuildFile section */
		EA2C14522BE25A42009CCDBA /* LittleLemonRestaurantApp.swift in Sources */ = {isa = PBXBuildFile; fileRef = EA2C14512BE25A42009CCDBA /* LittleLemonRestaurantApp.swift */; };
		EA2C14562BE25A47009CCDBA /* Assets.xcassets in Resources */ = {isa = PBXBuildFile; fileRef = EA2C14552BE25A47009CCDBA /* Assets.xcassets */; };
		EA2C14592BE25A47009CCDBA /* Preview Assets.xcassets in Resources */ = {isa = PBXBuildFile; fileRef = EA2C14582BE25A47009CCDBA /* Preview Assets.xcassets */; };
		EA2C145B2BE25A47009CCDBA /* Persistence_Original.swift in Sources */ = {isa = PBXBuildFile; fileRef = EA2C145A2BE25A47009CCDBA /* Persistence_Original.swift */; };
		EA2C14652BE74B81009CCDBA /* Onboarding.swift in Sources */ = {isa = PBXBuildFile; fileRef = EA2C14642BE74B81009CCDBA /* Onboarding.swift */; };
		EA2C14672BE75346009CCDBA /* Home.swift in Sources */ = {isa = PBXBuildFile; fileRef = EA2C14662BE75346009CCDBA /* Home.swift */; };
		EA2C14692BE75387009CCDBA /* Menu.swift in Sources */ = {isa = PBXBuildFile; fileRef = EA2C14682BE75387009CCDBA /* Menu.swift */; };
		EA2C146B2BE75C3C009CCDBA /* UserProfile.swift in Sources */ = {isa = PBXBuildFile; fileRef = EA2C146A2BE75C3C009CCDBA /* UserProfile.swift */; };
		EA2C146E2BE7697B009CCDBA /* Persistence.swift in Sources */ = {isa = PBXBuildFile; fileRef = EA2C146C2BE7697A009CCDBA /* Persistence.swift */; };
		EA2C146F2BE7697B009CCDBA /* FetchedObjects.swift in Sources */ = {isa = PBXBuildFile; fileRef = EA2C146D2BE7697B009CCDBA /* FetchedObjects.swift */; };
		EA2C14712BE769E3009CCDBA /* MenuItem.swift in Sources */ = {isa = PBXBuildFile; fileRef = EA2C14702BE769E3009CCDBA /* MenuItem.swift */; };
		EA2C14732BE76A10009CCDBA /* MenuList.swift in Sources */ = {isa = PBXBuildFile; fileRef = EA2C14722BE76A10009CCDBA /* MenuList.swift */; };
		EA2C14762BE79789009CCDBA /* ExampleDatabase.xcdatamodeld in Sources */ = {isa = PBXBuildFile; fileRef = EA2C14742BE79789009CCDBA /* ExampleDatabase.xcdatamodeld */; };
		EA2C148E2BE7BAD5009CCDBA /* Dish+CoreDataProperties.swift in Sources */ = {isa = PBXBuildFile; fileRef = EA2C148C2BE7BAD5009CCDBA /* Dish+CoreDataProperties.swift */; };
		EA2C14902BE9B215009CCDBA /* DishDetails.swift in Sources */ = {isa = PBXBuildFile; fileRef = EA2C148F2BE9B215009CCDBA /* DishDetails.swift */; };
		EA6288322BEB63EA002863F6 /* Color.swift in Sources */ = {isa = PBXBuildFile; fileRef = EA6288312BEB63EA002863F6 /* Color.swift */; };
		EA6288342BEB6847002863F6 /* FontList.swift in Sources */ = {isa = PBXBuildFile; fileRef = EA6288332BEB6847002863F6 /* FontList.swift */; };
		EA62883D2BEC3F5A002863F6 /* MarkaziText[wght].ttf in Resources */ = {isa = PBXBuildFile; fileRef = EA62883C2BEC3F5A002863F6 /* MarkaziText[wght].ttf */; };
		EA62883F2BEC57A0002863F6 /* UIApplication.swift in Sources */ = {isa = PBXBuildFile; fileRef = EA62883E2BEC57A0002863F6 /* UIApplication.swift */; };
		EA6288412BEC8D6C002863F6 /* Welcome.swift in Sources */ = {isa = PBXBuildFile; fileRef = EA6288402BEC8D6C002863F6 /* Welcome.swift */; };
		EA6288432BEC9324002863F6 /* EmailNotificationSignup.swift in Sources */ = {isa = PBXBuildFile; fileRef = EA6288422BEC9324002863F6 /* EmailNotificationSignup.swift */; };
/* End PBXBuildFile section */

/* Begin PBXFileReference section */
		EA2C144E2BE25A42009CCDBA /* LittleLemonRestaurant.app */ = {isa = PBXFileReference; explicitFileType = wrapper.application; includeInIndex = 0; path = LittleLemonRestaurant.app; sourceTree = BUILT_PRODUCTS_DIR; };
		EA2C14512BE25A42009CCDBA /* LittleLemonRestaurantApp.swift */ = {isa = PBXFileReference; lastKnownFileType = sourcecode.swift; path = LittleLemonRestaurantApp.swift; sourceTree = "<group>"; };
		EA2C14552BE25A47009CCDBA /* Assets.xcassets */ = {isa = PBXFileReference; lastKnownFileType = folder.assetcatalog; path = Assets.xcassets; sourceTree = "<group>"; };
		EA2C14582BE25A47009CCDBA /* Preview Assets.xcassets */ = {isa = PBXFileReference; lastKnownFileType = folder.assetcatalog; path = "Preview Assets.xcassets"; sourceTree = "<group>"; };
		EA2C145A2BE25A47009CCDBA /* Persistence_Original.swift */ = {isa = PBXFileReference; lastKnownFileType = sourcecode.swift; path = Persistence_Original.swift; sourceTree = "<group>"; };
		EA2C14642BE74B81009CCDBA /* Onboarding.swift */ = {isa = PBXFileReference; lastKnownFileType = sourcecode.swift; path = Onboarding.swift; sourceTree = "<group>"; };
		EA2C14662BE75346009CCDBA /* Home.swift */ = {isa = PBXFileReference; lastKnownFileType = sourcecode.swift; path = Home.swift; sourceTree = "<group>"; };
		EA2C14682BE75387009CCDBA /* Menu.swift */ = {isa = PBXFileReference; lastKnownFileType = sourcecode.swift; path = Menu.swift; sourceTree = "<group>"; };
		EA2C146A2BE75C3C009CCDBA /* UserProfile.swift */ = {isa = PBXFileReference; lastKnownFileType = sourcecode.swift; path = UserProfile.swift; sourceTree = "<group>"; };
		EA2C146C2BE7697A009CCDBA /* Persistence.swift */ = {isa = PBXFileReference; fileEncoding = 4; lastKnownFileType = sourcecode.swift; path = Persistence.swift; sourceTree = "<group>"; };
		EA2C146D2BE7697B009CCDBA /* FetchedObjects.swift */ = {isa = PBXFileReference; fileEncoding = 4; lastKnownFileType = sourcecode.swift; path = FetchedObjects.swift; sourceTree = "<group>"; };
		EA2C14702BE769E3009CCDBA /* MenuItem.swift */ = {isa = PBXFileReference; lastKnownFileType = sourcecode.swift; path = MenuItem.swift; sourceTree = "<group>"; };
		EA2C14722BE76A10009CCDBA /* MenuList.swift */ = {isa = PBXFileReference; lastKnownFileType = sourcecode.swift; path = MenuList.swift; sourceTree = "<group>"; };
		EA2C14752BE79789009CCDBA /* ExampleDatabase.xcdatamodel */ = {isa = PBXFileReference; lastKnownFileType = wrapper.xcdatamodel; path = ExampleDatabase.xcdatamodel; sourceTree = "<group>"; };
		EA2C148C2BE7BAD5009CCDBA /* Dish+CoreDataProperties.swift */ = {isa = PBXFileReference; lastKnownFileType = sourcecode.swift; path = "Dish+CoreDataProperties.swift"; sourceTree = "<group>"; };
		EA2C148F2BE9B215009CCDBA /* DishDetails.swift */ = {isa = PBXFileReference; lastKnownFileType = sourcecode.swift; path = DishDetails.swift; sourceTree = "<group>"; };
		EA6288312BEB63EA002863F6 /* Color.swift */ = {isa = PBXFileReference; lastKnownFileType = sourcecode.swift; path = Color.swift; sourceTree = "<group>"; };
		EA6288332BEB6847002863F6 /* FontList.swift */ = {isa = PBXFileReference; lastKnownFileType = sourcecode.swift; path = FontList.swift; sourceTree = "<group>"; };
		EA6288372BEC3C6D002863F6 /* Info.plist */ = {isa = PBXFileReference; lastKnownFileType = text.plist; path = Info.plist; sourceTree = "<group>"; };
		EA62883C2BEC3F5A002863F6 /* MarkaziText[wght].ttf */ = {isa = PBXFileReference; lastKnownFileType = file; path = "MarkaziText[wght].ttf"; sourceTree = "<group>"; };
		EA62883E2BEC57A0002863F6 /* UIApplication.swift */ = {isa = PBXFileReference; lastKnownFileType = sourcecode.swift; path = UIApplication.swift; sourceTree = "<group>"; };
		EA6288402BEC8D6C002863F6 /* Welcome.swift */ = {isa = PBXFileReference; lastKnownFileType = sourcecode.swift; path = Welcome.swift; sourceTree = "<group>"; };
		EA6288422BEC9324002863F6 /* EmailNotificationSignup.swift */ = {isa = PBXFileReference; lastKnownFileType = sourcecode.swift; path = EmailNotificationSignup.swift; sourceTree = "<group>"; };
/* End PBXFileReference section */

/* Begin PBXFrameworksBuildPhase section */
		EA2C144B2BE25A42009CCDBA /* Frameworks */ = {
			isa = PBXFrameworksBuildPhase;
			buildActionMask = 2147483647;
			files = (
			);
			runOnlyForDeploymentPostprocessing = 0;
		};
/* End PBXFrameworksBuildPhase section */

/* Begin PBXGroup section */
		EA2C14452BE25A42009CCDBA = {
			isa = PBXGroup;
			children = (
				EA2C14502BE25A42009CCDBA /* LittleLemonRestaurant */,
				EA2C144F2BE25A42009CCDBA /* Products */,
			);
			sourceTree = "<group>";
		};
		EA2C144F2BE25A42009CCDBA /* Products */ = {
			isa = PBXGroup;
			children = (
				EA2C144E2BE25A42009CCDBA /* LittleLemonRestaurant.app */,
			);
			name = Products;
			sourceTree = "<group>";
		};
		EA2C14502BE25A42009CCDBA /* LittleLemonRestaurant */ = {
			isa = PBXGroup;
			children = (
				EA6288372BEC3C6D002863F6 /* Info.plist */,
				EA2C14512BE25A42009CCDBA /* LittleLemonRestaurantApp.swift */,
				EAC3C3912BEDFE2B00535B98 /* CoreData */,
				EAC3C3932BEDFE6500535B98 /* Models */,
				EAC3C3922BEDFE4800535B98 /* Views */,
				EAC3C3942BEDFE7200535B98 /* Utilities */,
				EA2C14552BE25A47009CCDBA /* Assets.xcassets */,
				EA2C14572BE25A47009CCDBA /* Preview Content */,
			);
			path = LittleLemonRestaurant;
			sourceTree = "<group>";
		};
		EA2C14572BE25A47009CCDBA /* Preview Content */ = {
			isa = PBXGroup;
			children = (
				EA2C14582BE25A47009CCDBA /* Preview Assets.xcassets */,
			);
			path = "Preview Content";
			sourceTree = "<group>";
		};
		EA6288362BEC3B63002863F6 /* project_fonts */ = {
			isa = PBXGroup;
			children = (
				EA62883C2BEC3F5A002863F6 /* MarkaziText[wght].ttf */,
			);
			path = project_fonts;
			sourceTree = "<group>";
		};
		EAC3C3912BEDFE2B00535B98 /* CoreData */ = {
			isa = PBXGroup;
			children = (
				EA2C145A2BE25A47009CCDBA /* Persistence_Original.swift */,
				EA2C146D2BE7697B009CCDBA /* FetchedObjects.swift */,
				EA2C148C2BE7BAD5009CCDBA /* Dish+CoreDataProperties.swift */,
				EA2C146C2BE7697A009CCDBA /* Persistence.swift */,
				EA2C14742BE79789009CCDBA /* ExampleDatabase.xcdatamodeld */,
			);
			path = CoreData;
			sourceTree = "<group>";
		};
		EAC3C3922BEDFE4800535B98 /* Views */ = {
			isa = PBXGroup;
			children = (
				EA2C14642BE74B81009CCDBA /* Onboarding.swift */,
				EA2C14662BE75346009CCDBA /* Home.swift */,
				EA2C146A2BE75C3C009CCDBA /* UserProfile.swift */,
				EA2C14682BE75387009CCDBA /* Menu.swift */,
				EA6288402BEC8D6C002863F6 /* Welcome.swift */,
				EA6288422BEC9324002863F6 /* EmailNotificationSignup.swift */,
				EA2C148F2BE9B215009CCDBA /* DishDetails.swift */,
			);
			path = Views;
			sourceTree = "<group>";
		};
		EAC3C3932BEDFE6500535B98 /* Models */ = {
			isa = PBXGroup;
			children = (
				EA2C14702BE769E3009CCDBA /* MenuItem.swift */,
				EA2C14722BE76A10009CCDBA /* MenuList.swift */,
			);
			path = Models;
			sourceTree = "<group>";
		};
		EAC3C3942BEDFE7200535B98 /* Utilities */ = {
			isa = PBXGroup;
			children = (
				EA6288362BEC3B63002863F6 /* project_fonts */,
				EA62883E2BEC57A0002863F6 /* UIApplication.swift */,
				EA6288312BEB63EA002863F6 /* Color.swift */,
				EA6288332BEB6847002863F6 /* FontList.swift */,
			);
			path = Utilities;
			sourceTree = "<group>";
		};
/* End PBXGroup section */

/* Begin PBXNativeTarget section */
		EA2C144D2BE25A42009CCDBA /* LittleLemonRestaurant */ = {
			isa = PBXNativeTarget;
			buildConfigurationList = EA2C14612BE25A47009CCDBA /* Build configuration list for PBXNativeTarget "LittleLemonRestaurant" */;
			buildPhases = (
				EA2C144A2BE25A42009CCDBA /* Sources */,
				EA2C144B2BE25A42009CCDBA /* Frameworks */,
				EA2C144C2BE25A42009CCDBA /* Resources */,
			);
			buildRules = (
			);
			dependencies = (
			);
			name = LittleLemonRestaurant;
			productName = LittleLemonRestaurant;
			productReference = EA2C144E2BE25A42009CCDBA /* LittleLemonRestaurant.app */;
			productType = "com.apple.product-type.application";
		};
/* End PBXNativeTarget section */

/* Begin PBXProject section */
		EA2C14462BE25A42009CCDBA /* Project object */ = {
			isa = PBXProject;
			attributes = {
				BuildIndependentTargetsInParallel = 1;
				LastSwiftUpdateCheck = 1530;
				LastUpgradeCheck = 1530;
				TargetAttributes = {
					EA2C144D2BE25A42009CCDBA = {
						CreatedOnToolsVersion = 15.3;
					};
				};
			};
			buildConfigurationList = EA2C14492BE25A42009CCDBA /* Build configuration list for PBXProject "LittleLemonRestaurant" */;
			compatibilityVersion = "Xcode 14.0";
			developmentRegion = en;
			hasScannedForEncodings = 0;
			knownRegions = (
				en,
				Base,
			);
			mainGroup = EA2C14452BE25A42009CCDBA;
			productRefGroup = EA2C144F2BE25A42009CCDBA /* Products */;
			projectDirPath = "";
			projectRoot = "";
			targets = (
				EA2C144D2BE25A42009CCDBA /* LittleLemonRestaurant */,
			);
		};
/* End PBXProject section */

/* Begin PBXResourcesBuildPhase section */
		EA2C144C2BE25A42009CCDBA /* Resources */ = {
			isa = PBXResourcesBuildPhase;
			buildActionMask = 2147483647;
			files = (
				EA62883D2BEC3F5A002863F6 /* MarkaziText[wght].ttf in Resources */,
				EA2C14592BE25A47009CCDBA /* Preview Assets.xcassets in Resources */,
				EA2C14562BE25A47009CCDBA /* Assets.xcassets in Resources */,
			);
			runOnlyForDeploymentPostprocessing = 0;
		};
/* End PBXResourcesBuildPhase section */

/* Begin PBXSourcesBuildPhase section */
		EA2C144A2BE25A42009CCDBA /* Sources */ = {
			isa = PBXSourcesBuildPhase;
			buildActionMask = 2147483647;
			files = (
				EA62883F2BEC57A0002863F6 /* UIApplication.swift in Sources */,
				EA2C14712BE769E3009CCDBA /* MenuItem.swift in Sources */,
				EA6288342BEB6847002863F6 /* FontList.swift in Sources */,
				EA2C146E2BE7697B009CCDBA /* Persistence.swift in Sources */,
				EA2C145B2BE25A47009CCDBA /* Persistence_Original.swift in Sources */,
				EA2C14902BE9B215009CCDBA /* DishDetails.swift in Sources */,
				EA6288432BEC9324002863F6 /* EmailNotificationSignup.swift in Sources */,
				EA2C14692BE75387009CCDBA /* Menu.swift in Sources */,
				EA6288322BEB63EA002863F6 /* Color.swift in Sources */,
				EA2C14652BE74B81009CCDBA /* Onboarding.swift in Sources */,
				EA2C146B2BE75C3C009CCDBA /* UserProfile.swift in Sources */,
				EA6288412BEC8D6C002863F6 /* Welcome.swift in Sources */,
				EA2C14672BE75346009CCDBA /* Home.swift in Sources */,
				EA2C148E2BE7BAD5009CCDBA /* Dish+CoreDataProperties.swift in Sources */,
				EA2C146F2BE7697B009CCDBA /* FetchedObjects.swift in Sources */,
				EA2C14762BE79789009CCDBA /* ExampleDatabase.xcdatamodeld in Sources */,
				EA2C14732BE76A10009CCDBA /* MenuList.swift in Sources */,
				EA2C14522BE25A42009CCDBA /* LittleLemonRestaurantApp.swift in Sources */,
			);
			runOnlyForDeploymentPostprocessing = 0;
		};
/* End PBXSourcesBuildPhase section */

/* Begin XCBuildConfiguration section */
		EA2C145F2BE25A47009CCDBA /* Debug */ = {
			isa = XCBuildConfiguration;
			buildSettings = {
				ALWAYS_SEARCH_USER_PATHS = NO;
				ASSETCATALOG_COMPILER_GENERATE_SWIFT_ASSET_SYMBOL_EXTENSIONS = YES;
				CLANG_ANALYZER_NONNULL = YES;
				CLANG_ANALYZER_NUMBER_OBJECT_CONVERSION = YES_AGGRESSIVE;
				CLANG_CXX_LANGUAGE_STANDARD = "gnu++20";
				CLANG_ENABLE_MODULES = YES;
				CLANG_ENABLE_OBJC_ARC = YES;
				CLANG_ENABLE_OBJC_WEAK = YES;
				CLANG_WARN_BLOCK_CAPTURE_AUTORELEASING = YES;
				CLANG_WARN_BOOL_CONVERSION = YES;
				CLANG_WARN_COMMA = YES;
				CLANG_WARN_CONSTANT_CONVERSION = YES;
				CLANG_WARN_DEPRECATED_OBJC_IMPLEMENTATIONS = YES;
				CLANG_WARN_DIRECT_OBJC_ISA_USAGE = YES_ERROR;
				CLANG_WARN_DOCUMENTATION_COMMENTS = YES;
				CLANG_WARN_EMPTY_BODY = YES;
				CLANG_WARN_ENUM_CONVERSION = YES;
				CLANG_WARN_INFINITE_RECURSION = YES;
				CLANG_WARN_INT_CONVERSION = YES;
				CLANG_WARN_NON_LITERAL_NULL_CONVERSION = YES;
				CLANG_WARN_OBJC_IMPLICIT_RETAIN_SELF = YES;
				CLANG_WARN_OBJC_LITERAL_CONVERSION = YES;
				CLANG_WARN_OBJC_ROOT_CLASS = YES_ERROR;
				CLANG_WARN_QUOTED_INCLUDE_IN_FRAMEWORK_HEADER = YES;
				CLANG_WARN_RANGE_LOOP_ANALYSIS = YES;
				CLANG_WARN_STRICT_PROTOTYPES = YES;
				CLANG_WARN_SUSPICIOUS_MOVE = YES;
				CLANG_WARN_UNGUARDED_AVAILABILITY = YES_AGGRESSIVE;
				CLANG_WARN_UNREACHABLE_CODE = YES;
				CLANG_WARN__DUPLICATE_METHOD_MATCH = YES;
				COPY_PHASE_STRIP = NO;
				DEBUG_INFORMATION_FORMAT = dwarf;
				ENABLE_STRICT_OBJC_MSGSEND = YES;
				ENABLE_TESTABILITY = YES;
				ENABLE_USER_SCRIPT_SANDBOXING = YES;
				GCC_C_LANGUAGE_STANDARD = gnu17;
				GCC_DYNAMIC_NO_PIC = NO;
				GCC_NO_COMMON_BLOCKS = YES;
				GCC_OPTIMIZATION_LEVEL = 0;
				GCC_PREPROCESSOR_DEFINITIONS = (
					"DEBUG=1",
					"$(inherited)",
				);
				GCC_WARN_64_TO_32_BIT_CONVERSION = YES;
				GCC_WARN_ABOUT_RETURN_TYPE = YES_ERROR;
				GCC_WARN_UNDECLARED_SELECTOR = YES;
				GCC_WARN_UNINITIALIZED_AUTOS = YES_AGGRESSIVE;
				GCC_WARN_UNUSED_FUNCTION = YES;
				GCC_WARN_UNUSED_VARIABLE = YES;
				IPHONEOS_DEPLOYMENT_TARGET = 17.0;
				LOCALIZATION_PREFERS_STRING_CATALOGS = YES;
				MTL_ENABLE_DEBUG_INFO = INCLUDE_SOURCE;
				MTL_FAST_MATH = YES;
				ONLY_ACTIVE_ARCH = YES;
				SDKROOT = iphoneos;
				SWIFT_ACTIVE_COMPILATION_CONDITIONS = "DEBUG $(inherited)";
				SWIFT_OPTIMIZATION_LEVEL = "-Onone";
			};
			name = Debug;
		};
		EA2C14602BE25A47009CCDBA /* Release */ = {
			isa = XCBuildConfiguration;
			buildSettings = {
				ALWAYS_SEARCH_USER_PATHS = NO;
				ASSETCATALOG_COMPILER_GENERATE_SWIFT_ASSET_SYMBOL_EXTENSIONS = YES;
				CLANG_ANALYZER_NONNULL = YES;
				CLANG_ANALYZER_NUMBER_OBJECT_CONVERSION = YES_AGGRESSIVE;
				CLANG_CXX_LANGUAGE_STANDARD = "gnu++20";
				CLANG_ENABLE_MODULES = YES;
				CLANG_ENABLE_OBJC_ARC = YES;
				CLANG_ENABLE_OBJC_WEAK = YES;
				CLANG_WARN_BLOCK_CAPTURE_AUTORELEASING = YES;
				CLANG_WARN_BOOL_CONVERSION = YES;
				CLANG_WARN_COMMA = YES;
				CLANG_WARN_CONSTANT_CONVERSION = YES;
				CLANG_WARN_DEPRECATED_OBJC_IMPLEMENTATIONS = YES;
				CLANG_WARN_DIRECT_OBJC_ISA_USAGE = YES_ERROR;
				CLANG_WARN_DOCUMENTATION_COMMENTS = YES;
				CLANG_WARN_EMPTY_BODY = YES;
				CLANG_WARN_ENUM_CONVERSION = YES;
				CLANG_WARN_INFINITE_RECURSION = YES;
				CLANG_WARN_INT_CONVERSION = YES;
				CLANG_WARN_NON_LITERAL_NULL_CONVERSION = YES;
				CLANG_WARN_OBJC_IMPLICIT_RETAIN_SELF = YES;
				CLANG_WARN_OBJC_LITERAL_CONVERSION = YES;
				CLANG_WARN_OBJC_ROOT_CLASS = YES_ERROR;
				CLANG_WARN_QUOTED_INCLUDE_IN_FRAMEWORK_HEADER = YES;
				CLANG_WARN_RANGE_LOOP_ANALYSIS = YES;
				CLANG_WARN_STRICT_PROTOTYPES = YES;
				CLANG_WARN_SUSPICIOUS_MOVE = YES;
				CLANG_WARN_UNGUARDED_AVAILABILITY = YES_AGGRESSIVE;
				CLANG_WARN_UNREACHABLE_CODE = YES;
				CLANG_WARN__DUPLICATE_METHOD_MATCH = YES;
				COPY_PHASE_STRIP = NO;
				DEBUG_INFORMATION_FORMAT = "dwarf-with-dsym";
				ENABLE_NS_ASSERTIONS = NO;
				ENABLE_STRICT_OBJC_MSGSEND = YES;
				ENABLE_USER_SCRIPT_SANDBOXING = YES;
				GCC_C_LANGUAGE_STANDARD = gnu17;
				GCC_NO_COMMON_BLOCKS = YES;
				GCC_WARN_64_TO_32_BIT_CONVERSION = YES;
				GCC_WARN_ABOUT_RETURN_TYPE = YES_ERROR;
				GCC_WARN_UNDECLARED_SELECTOR = YES;
				GCC_WARN_UNINITIALIZED_AUTOS = YES_AGGRESSIVE;
				GCC_WARN_UNUSED_FUNCTION = YES;
				GCC_WARN_UNUSED_VARIABLE = YES;
				IPHONEOS_DEPLOYMENT_TARGET = 17.0;
				LOCALIZATION_PREFERS_STRING_CATALOGS = YES;
				MTL_ENABLE_DEBUG_INFO = NO;
				MTL_FAST_MATH = YES;
				SDKROOT = iphoneos;
				SWIFT_COMPILATION_MODE = wholemodule;
				VALIDATE_PRODUCT = YES;
			};
			name = Release;
		};
		EA2C14622BE25A47009CCDBA /* Debug */ = {
			isa = XCBuildConfiguration;
			buildSettings = {
				ASSETCATALOG_COMPILER_APPICON_NAME = AppIcon;
				ASSETCATALOG_COMPILER_GLOBAL_ACCENT_COLOR_NAME = AccentColor;
				CODE_SIGN_STYLE = Automatic;
				CURRENT_PROJECT_VERSION = 1;
				DEVELOPMENT_ASSET_PATHS = "\"LittleLemonRestaurant/Preview Content\"";
				DEVELOPMENT_TEAM = TRVR797MG4;
				ENABLE_PREVIEWS = YES;
				GENERATE_INFOPLIST_FILE = YES;
				INFOPLIST_FILE = LittleLemonRestaurant/Info.plist;
				INFOPLIST_KEY_CFBundleDisplayName = "Little Lemon";
				INFOPLIST_KEY_UIApplicationSceneManifest_Generation = YES;
				INFOPLIST_KEY_UIApplicationSupportsIndirectInputEvents = YES;
				INFOPLIST_KEY_UILaunchScreen_Generation = YES;
				INFOPLIST_KEY_UISupportedInterfaceOrientations_iPad = "UIInterfaceOrientationPortrait UIInterfaceOrientationPortraitUpsideDown UIInterfaceOrientationLandscapeLeft UIInterfaceOrientationLandscapeRight";
				INFOPLIST_KEY_UISupportedInterfaceOrientations_iPhone = "UIInterfaceOrientationPortrait UIInterfaceOrientationLandscapeLeft UIInterfaceOrientationLandscapeRight";
				LD_RUNPATH_SEARCH_PATHS = (
					"$(inherited)",
					"@executable_path/Frameworks",
				);
				MARKETING_VERSION = 1.0;
				PRODUCT_BUNDLE_IDENTIFIER = com.example.app.LittleLemonRestaurant;
				PRODUCT_NAME = "$(TARGET_NAME)";
				SWIFT_EMIT_LOC_STRINGS = YES;
				SWIFT_VERSION = 5.0;
				TARGETED_DEVICE_FAMILY = "1,2";
			};
			name = Debug;
		};
		EA2C14632BE25A47009CCDBA /* Release */ = {
			isa = XCBuildConfiguration;
			buildSettings = {
				ASSETCATALOG_COMPILER_APPICON_NAME = AppIcon;
				ASSETCATALOG_COMPILER_GLOBAL_ACCENT_COLOR_NAME = AccentColor;
				CODE_SIGN_STYLE = Automatic;
				CURRENT_PROJECT_VERSION = 1;
				DEVELOPMENT_ASSET_PATHS = "\"LittleLemonRestaurant/Preview Content\"";
				DEVELOPMENT_TEAM = TRVR797MG4;
				ENABLE_PREVIEWS = YES;
				GENERATE_INFOPLIST_FILE = YES;
				INFOPLIST_FILE = LittleLemonRestaurant/Info.plist;
				INFOPLIST_KEY_CFBundleDisplayName = "Little Lemon";
				INFOPLIST_KEY_UIApplicationSceneManifest_Generation = YES;
				INFOPLIST_KEY_UIApplicationSupportsIndirectInputEvents = YES;
				INFOPLIST_KEY_UILaunchScreen_Generation = YES;
				INFOPLIST_KEY_UISupportedInterfaceOrientations_iPad = "UIInterfaceOrientationPortrait UIInterfaceOrientationPortraitUpsideDown UIInterfaceOrientationLandscapeLeft UIInterfaceOrientationLandscapeRight";
				INFOPLIST_KEY_UISupportedInterfaceOrientations_iPhone = "UIInterfaceOrientationPortrait UIInterfaceOrientationLandscapeLeft UIInterfaceOrientationLandscapeRight";
				LD_RUNPATH_SEARCH_PATHS = (
					"$(inherited)",
					"@executable_path/Frameworks",
				);
				MARKETING_VERSION = 1.0;
				PRODUCT_BUNDLE_IDENTIFIER = com.example.app.LittleLemonRestaurant;
				PRODUCT_NAME = "$(TARGET_NAME)";
				SWIFT_EMIT_LOC_STRINGS = YES;
				SWIFT_VERSION = 5.0;
				TARGETED_DEVICE_FAMILY = "1,2";
			};
			name = Release;
		};
/* End XCBuildConfiguration section */

/* Begin XCConfigurationList section */
		EA2C14492BE25A42009CCDBA /* Build configuration list for PBXProject "LittleLemonRestaurant" */ = {
			isa = XCConfigurationList;
			buildConfigurations = (
				EA2C145F2BE25A47009CCDBA /* Debug */,
				EA2C14602BE25A47009CCDBA /* Release */,
			);
			defaultConfigurationIsVisible = 0;
			defaultConfigurationName = Release;
		};
		EA2C14612BE25A47009CCDBA /* Build configuration list for PBXNativeTarget "LittleLemonRestaurant" */ = {
			isa = XCConfigurationList;
			buildConfigurations = (
				EA2C14622BE25A47009CCDBA /* Debug */,
				EA2C14632BE25A47009CCDBA /* Release */,
			);
			defaultConfigurationIsVisible = 0;
			defaultConfigurationName = Release;
		};
/* End XCConfigurationList section */

/* Begin XCVersionGroup section */
		EA2C14742BE79789009CCDBA /* ExampleDatabase.xcdatamodeld */ = {
			isa = XCVersionGroup;
			children = (
				EA2C14752BE79789009CCDBA /* ExampleDatabase.xcdatamodel */,
			);
			currentVersion = EA2C14752BE79789009CCDBA /* ExampleDatabase.xcdatamodel */;
			path = ExampleDatabase.xcdatamodeld;
			sourceTree = "<group>";
			versionGroupType = wrapper.xcdatamodel;
		};
/* End XCVersionGroup section */
	};
	rootObject = EA2C14462BE25A42009CCDBA /* Project object */;
}
